// !$*UTF8*$!
{
	archiveVersion = 1;
	classes = {
	};
	objectVersion = 46;
	objects = {

/* Begin PBXBuildFile section */
		1C58F2441C60999B00CF033A /* KeyMapper.swift in Sources */ = {isa = PBXBuildFile; fileRef = 1C58F2431C60999B00CF033A /* KeyMapper.swift */; };
		1C58F2471C6099CF00CF033A /* 390-Sebulshik.txt in Resources */ = {isa = PBXBuildFile; fileRef = 1C58F2461C6099CF00CF033A /* 390-Sebulshik.txt */; };
		1C58F2491C6099ED00CF033A /* KeyMapperTests.swift in Sources */ = {isa = PBXBuildFile; fileRef = 1C58F2481C6099ED00CF033A /* KeyMapperTests.swift */; };
		1C58F26E1C60B67600CF033A /* KeyMapper.swift in Sources */ = {isa = PBXBuildFile; fileRef = 1C58F2431C60999B00CF033A /* KeyMapper.swift */; };
		1C58F2721C60F8F700CF033A /* 391-Sebulshik.txt in Resources */ = {isa = PBXBuildFile; fileRef = 1C58F2711C60F8F700CF033A /* 391-Sebulshik.txt */; };
		1CD588281C5F37F900CB941E /* Hangul.swift in Sources */ = {isa = PBXBuildFile; fileRef = 1CD588271C5F37F900CB941E /* Hangul.swift */; };
		1CD5882F1C5F49EF00CB941E /* Hangul.swift in Sources */ = {isa = PBXBuildFile; fileRef = 1CD588271C5F37F900CB941E /* Hangul.swift */; };
		1CD588311C5F4A0E00CB941E /* HangulInputSystemNormal.swift in Sources */ = {isa = PBXBuildFile; fileRef = 1CD588301C5F4A0E00CB941E /* HangulInputSystemNormal.swift */; };
		1CFE59321C5F062B003DC5E2 /* AppDelegate.swift in Sources */ = {isa = PBXBuildFile; fileRef = 1CFE59311C5F062B003DC5E2 /* AppDelegate.swift */; };
		1CFE59341C5F062B003DC5E2 /* ViewController.swift in Sources */ = {isa = PBXBuildFile; fileRef = 1CFE59331C5F062B003DC5E2 /* ViewController.swift */; };
		1CFE59371C5F062B003DC5E2 /* Main.storyboard in Resources */ = {isa = PBXBuildFile; fileRef = 1CFE59351C5F062B003DC5E2 /* Main.storyboard */; };
		1CFE59391C5F062B003DC5E2 /* Assets.xcassets in Resources */ = {isa = PBXBuildFile; fileRef = 1CFE59381C5F062B003DC5E2 /* Assets.xcassets */; };
		1CFE593C1C5F062B003DC5E2 /* LaunchScreen.storyboard in Resources */ = {isa = PBXBuildFile; fileRef = 1CFE593A1C5F062B003DC5E2 /* LaunchScreen.storyboard */; };
		1CFE59471C5F062B003DC5E2 /* HangulSwiftTests.swift in Sources */ = {isa = PBXBuildFile; fileRef = 1CFE59461C5F062B003DC5E2 /* HangulSwiftTests.swift */; };
		1CFE59521C5F06FA003DC5E2 /* HanCharTests.swift in Sources */ = {isa = PBXBuildFile; fileRef = 1CFE59511C5F06FA003DC5E2 /* HanCharTests.swift */; };
		1CFE59541C5F0711003DC5E2 /* HangulInputSystemTests.swift in Sources */ = {isa = PBXBuildFile; fileRef = 1CFE59531C5F0711003DC5E2 /* HangulInputSystemTests.swift */; };
/* End PBXBuildFile section */

/* Begin PBXContainerItemProxy section */
		1CFE59431C5F062B003DC5E2 /* PBXContainerItemProxy */ = {
			isa = PBXContainerItemProxy;
			containerPortal = 1CFE59261C5F062B003DC5E2 /* Project object */;
			proxyType = 1;
			remoteGlobalIDString = 1CFE592D1C5F062B003DC5E2;
			remoteInfo = HangulSwift;
		};
/* End PBXContainerItemProxy section */

/* Begin PBXFileReference section */
		1C58F2431C60999B00CF033A /* KeyMapper.swift */ = {isa = PBXFileReference; fileEncoding = 4; lastKnownFileType = sourcecode.swift; path = KeyMapper.swift; sourceTree = "<group>"; };
		1C58F2461C6099CF00CF033A /* 390-Sebulshik.txt */ = {isa = PBXFileReference; fileEncoding = 4; lastKnownFileType = text; path = "390-Sebulshik.txt"; sourceTree = "<group>"; };
		1C58F2481C6099ED00CF033A /* KeyMapperTests.swift */ = {isa = PBXFileReference; fileEncoding = 4; lastKnownFileType = sourcecode.swift; path = KeyMapperTests.swift; sourceTree = "<group>"; };
		1C58F2711C60F8F700CF033A /* 391-Sebulshik.txt */ = {isa = PBXFileReference; fileEncoding = 4; lastKnownFileType = text; path = "391-Sebulshik.txt"; sourceTree = "<group>"; };
		1CD588271C5F37F900CB941E /* Hangul.swift */ = {isa = PBXFileReference; fileEncoding = 4; lastKnownFileType = sourcecode.swift; path = Hangul.swift; sourceTree = "<group>"; };
		1CD588301C5F4A0E00CB941E /* HangulInputSystemNormal.swift */ = {isa = PBXFileReference; fileEncoding = 4; lastKnownFileType = sourcecode.swift; path = HangulInputSystemNormal.swift; sourceTree = "<group>"; };
		1CFE592E1C5F062B003DC5E2 /* HangulSwift.app */ = {isa = PBXFileReference; explicitFileType = wrapper.application; includeInIndex = 0; path = HangulSwift.app; sourceTree = BUILT_PRODUCTS_DIR; };
		1CFE59311C5F062B003DC5E2 /* AppDelegate.swift */ = {isa = PBXFileReference; lastKnownFileType = sourcecode.swift; path = AppDelegate.swift; sourceTree = "<group>"; };
		1CFE59331C5F062B003DC5E2 /* ViewController.swift */ = {isa = PBXFileReference; lastKnownFileType = sourcecode.swift; path = ViewController.swift; sourceTree = "<group>"; };
		1CFE59361C5F062B003DC5E2 /* Base */ = {isa = PBXFileReference; lastKnownFileType = file.storyboard; name = Base; path = Base.lproj/Main.storyboard; sourceTree = "<group>"; };
		1CFE59381C5F062B003DC5E2 /* Assets.xcassets */ = {isa = PBXFileReference; lastKnownFileType = folder.assetcatalog; path = Assets.xcassets; sourceTree = "<group>"; };
		1CFE593B1C5F062B003DC5E2 /* Base */ = {isa = PBXFileReference; lastKnownFileType = file.storyboard; name = Base; path = Base.lproj/LaunchScreen.storyboard; sourceTree = "<group>"; };
		1CFE593D1C5F062B003DC5E2 /* Info.plist */ = {isa = PBXFileReference; lastKnownFileType = text.plist.xml; path = Info.plist; sourceTree = "<group>"; };
		1CFE59421C5F062B003DC5E2 /* HangulSwiftTests.xctest */ = {isa = PBXFileReference; explicitFileType = wrapper.cfbundle; includeInIndex = 0; path = HangulSwiftTests.xctest; sourceTree = BUILT_PRODUCTS_DIR; };
		1CFE59461C5F062B003DC5E2 /* HangulSwiftTests.swift */ = {isa = PBXFileReference; lastKnownFileType = sourcecode.swift; path = HangulSwiftTests.swift; sourceTree = "<group>"; };
		1CFE59481C5F062B003DC5E2 /* Info.plist */ = {isa = PBXFileReference; lastKnownFileType = text.plist.xml; path = Info.plist; sourceTree = "<group>"; };
		1CFE59511C5F06FA003DC5E2 /* HanCharTests.swift */ = {isa = PBXFileReference; fileEncoding = 4; lastKnownFileType = sourcecode.swift; path = HanCharTests.swift; sourceTree = "<group>"; };
		1CFE59531C5F0711003DC5E2 /* HangulInputSystemTests.swift */ = {isa = PBXFileReference; fileEncoding = 4; lastKnownFileType = sourcecode.swift; path = HangulInputSystemTests.swift; sourceTree = "<group>"; };
/* End PBXFileReference section */

/* Begin PBXFrameworksBuildPhase section */
		1CFE592B1C5F062B003DC5E2 /* Frameworks */ = {
			isa = PBXFrameworksBuildPhase;
			buildActionMask = 2147483647;
			files = (
			);
			runOnlyForDeploymentPostprocessing = 0;
		};
		1CFE593F1C5F062B003DC5E2 /* Frameworks */ = {
			isa = PBXFrameworksBuildPhase;
			buildActionMask = 2147483647;
			files = (
			);
			runOnlyForDeploymentPostprocessing = 0;
		};
/* End PBXFrameworksBuildPhase section */

/* Begin PBXGroup section */
		1C58F2451C6099B200CF033A /* keymaps */ = {
			isa = PBXGroup;
			children = (
				1C58F2461C6099CF00CF033A /* 390-Sebulshik.txt */,
				1C58F2711C60F8F700CF033A /* 391-Sebulshik.txt */,
			);
			name = keymaps;
			path = ../keymaps;
			sourceTree = "<group>";
		};
		1CD588261C5F37F900CB941E /* lib */ = {
			isa = PBXGroup;
			children = (
				1CD588271C5F37F900CB941E /* Hangul.swift */,
				1C58F2431C60999B00CF033A /* KeyMapper.swift */,
			);
			name = lib;
			path = ../lib;
			sourceTree = "<group>";
		};
		1CFE59251C5F062B003DC5E2 = {
			isa = PBXGroup;
			children = (
				1C58F2451C6099B200CF033A /* keymaps */,
				1CD588261C5F37F900CB941E /* lib */,
				1CFE59301C5F062B003DC5E2 /* HangulSwift */,
				1CFE59451C5F062B003DC5E2 /* HangulSwiftTests */,
				1CFE592F1C5F062B003DC5E2 /* Products */,
			);
			sourceTree = "<group>";
		};
		1CFE592F1C5F062B003DC5E2 /* Products */ = {
			isa = PBXGroup;
			children = (
				1CFE592E1C5F062B003DC5E2 /* HangulSwift.app */,
				1CFE59421C5F062B003DC5E2 /* HangulSwiftTests.xctest */,
			);
			name = Products;
			sourceTree = "<group>";
		};
		1CFE59301C5F062B003DC5E2 /* HangulSwift */ = {
			isa = PBXGroup;
			children = (
				1CFE59311C5F062B003DC5E2 /* AppDelegate.swift */,
				1CFE59331C5F062B003DC5E2 /* ViewController.swift */,
				1CFE59351C5F062B003DC5E2 /* Main.storyboard */,
				1CFE59381C5F062B003DC5E2 /* Assets.xcassets */,
				1CFE593A1C5F062B003DC5E2 /* LaunchScreen.storyboard */,
				1CFE593D1C5F062B003DC5E2 /* Info.plist */,
			);
			path = HangulSwift;
			sourceTree = "<group>";
		};
		1CFE59451C5F062B003DC5E2 /* HangulSwiftTests */ = {
			isa = PBXGroup;
			children = (
				1C58F2481C6099ED00CF033A /* KeyMapperTests.swift */,
				1CFE59511C5F06FA003DC5E2 /* HanCharTests.swift */,
				1CD588301C5F4A0E00CB941E /* HangulInputSystemNormal.swift */,
				1CFE59531C5F0711003DC5E2 /* HangulInputSystemTests.swift */,
				1CFE59461C5F062B003DC5E2 /* HangulSwiftTests.swift */,
				1CFE59481C5F062B003DC5E2 /* Info.plist */,
			);
			path = HangulSwiftTests;
			sourceTree = "<group>";
		};
/* End PBXGroup section */

/* Begin PBXNativeTarget section */
		1CFE592D1C5F062B003DC5E2 /* HangulSwift */ = {
			isa = PBXNativeTarget;
			buildConfigurationList = 1CFE594B1C5F062B003DC5E2 /* Build configuration list for PBXNativeTarget "HangulSwift" */;
			buildPhases = (
				1CFE592A1C5F062B003DC5E2 /* Sources */,
				1CFE592B1C5F062B003DC5E2 /* Frameworks */,
				1CFE592C1C5F062B003DC5E2 /* Resources */,
			);
			buildRules = (
			);
			dependencies = (
			);
			name = HangulSwift;
			productName = HangulSwift;
			productReference = 1CFE592E1C5F062B003DC5E2 /* HangulSwift.app */;
			productType = "com.apple.product-type.application";
		};
		1CFE59411C5F062B003DC5E2 /* HangulSwiftTests */ = {
			isa = PBXNativeTarget;
			buildConfigurationList = 1CFE594E1C5F062B003DC5E2 /* Build configuration list for PBXNativeTarget "HangulSwiftTests" */;
			buildPhases = (
				1CFE593E1C5F062B003DC5E2 /* Sources */,
				1CFE593F1C5F062B003DC5E2 /* Frameworks */,
				1CFE59401C5F062B003DC5E2 /* Resources */,
			);
			buildRules = (
			);
			dependencies = (
				1CFE59441C5F062B003DC5E2 /* PBXTargetDependency */,
			);
			name = HangulSwiftTests;
			productName = HangulSwiftTests;
			productReference = 1CFE59421C5F062B003DC5E2 /* HangulSwiftTests.xctest */;
			productType = "com.apple.product-type.bundle.unit-test";
		};
/* End PBXNativeTarget section */

/* Begin PBXProject section */
		1CFE59261C5F062B003DC5E2 /* Project object */ = {
			isa = PBXProject;
			attributes = {
				LastSwiftUpdateCheck = 0720;
				LastUpgradeCheck = 0720;
				ORGANIZATIONNAME = factorcat;
				TargetAttributes = {
					1CFE592D1C5F062B003DC5E2 = {
						CreatedOnToolsVersion = 7.2;
					};
					1CFE59411C5F062B003DC5E2 = {
						CreatedOnToolsVersion = 7.2;
						TestTargetID = 1CFE592D1C5F062B003DC5E2;
					};
				};
			};
			buildConfigurationList = 1CFE59291C5F062B003DC5E2 /* Build configuration list for PBXProject "HangulSwift" */;
			compatibilityVersion = "Xcode 3.2";
			developmentRegion = English;
			hasScannedForEncodings = 0;
			knownRegions = (
				en,
				Base,
			);
			mainGroup = 1CFE59251C5F062B003DC5E2;
			productRefGroup = 1CFE592F1C5F062B003DC5E2 /* Products */;
			projectDirPath = "";
			projectRoot = "";
			targets = (
				1CFE592D1C5F062B003DC5E2 /* HangulSwift */,
				1CFE59411C5F062B003DC5E2 /* HangulSwiftTests */,
			);
		};
/* End PBXProject section */

/* Begin PBXResourcesBuildPhase section */
		1CFE592C1C5F062B003DC5E2 /* Resources */ = {
			isa = PBXResourcesBuildPhase;
			buildActionMask = 2147483647;
			files = (
				1CFE593C1C5F062B003DC5E2 /* LaunchScreen.storyboard in Resources */,
				1CFE59391C5F062B003DC5E2 /* Assets.xcassets in Resources */,
				1C58F2721C60F8F700CF033A /* 391-Sebulshik.txt in Resources */,
				1C58F2471C6099CF00CF033A /* 390-Sebulshik.txt in Resources */,
				1CFE59371C5F062B003DC5E2 /* Main.storyboard in Resources */,
			);
			runOnlyForDeploymentPostprocessing = 0;
		};
		1CFE59401C5F062B003DC5E2 /* Resources */ = {
			isa = PBXResourcesBuildPhase;
			buildActionMask = 2147483647;
			files = (
			);
			runOnlyForDeploymentPostprocessing = 0;
		};
/* End PBXResourcesBuildPhase section */

/* Begin PBXSourcesBuildPhase section */
		1CFE592A1C5F062B003DC5E2 /* Sources */ = {
			isa = PBXSourcesBuildPhase;
			buildActionMask = 2147483647;
			files = (
				1C58F2441C60999B00CF033A /* KeyMapper.swift in Sources */,
				1CD588281C5F37F900CB941E /* Hangul.swift in Sources */,
				1CFE59341C5F062B003DC5E2 /* ViewController.swift in Sources */,
				1CFE59321C5F062B003DC5E2 /* AppDelegate.swift in Sources */,
			);
			runOnlyForDeploymentPostprocessing = 0;
		};
		1CFE593E1C5F062B003DC5E2 /* Sources */ = {
			isa = PBXSourcesBuildPhase;
			buildActionMask = 2147483647;
			files = (
				1CFE59541C5F0711003DC5E2 /* HangulInputSystemTests.swift in Sources */,
				1CFE59471C5F062B003DC5E2 /* HangulSwiftTests.swift in Sources */,
				1C58F2491C6099ED00CF033A /* KeyMapperTests.swift in Sources */,
				1C58F26E1C60B67600CF033A /* KeyMapper.swift in Sources */,
				1CD5882F1C5F49EF00CB941E /* Hangul.swift in Sources */,
				1CD588311C5F4A0E00CB941E /* HangulInputSystemNormal.swift in Sources */,
				1CFE59521C5F06FA003DC5E2 /* HanCharTests.swift in Sources */,
			);
			runOnlyForDeploymentPostprocessing = 0;
		};
/* End PBXSourcesBuildPhase section */

/* Begin PBXTargetDependency section */
		1CFE59441C5F062B003DC5E2 /* PBXTargetDependency */ = {
			isa = PBXTargetDependency;
			target = 1CFE592D1C5F062B003DC5E2 /* HangulSwift */;
			targetProxy = 1CFE59431C5F062B003DC5E2 /* PBXContainerItemProxy */;
		};
/* End PBXTargetDependency section */

/* Begin PBXVariantGroup section */
		1CFE59351C5F062B003DC5E2 /* Main.storyboard */ = {
			isa = PBXVariantGroup;
			children = (
				1CFE59361C5F062B003DC5E2 /* Base */,
			);
			name = Main.storyboard;
			sourceTree = "<group>";
		};
		1CFE593A1C5F062B003DC5E2 /* LaunchScreen.storyboard */ = {
			isa = PBXVariantGroup;
			children = (
				1CFE593B1C5F062B003DC5E2 /* Base */,
			);
			name = LaunchScreen.storyboard;
			sourceTree = "<group>";
		};
/* End PBXVariantGroup section */

/* Begin XCBuildConfiguration section */
		1CFE59491C5F062B003DC5E2 /* Debug */ = {
			isa = XCBuildConfiguration;
			buildSettings = {
				ALWAYS_SEARCH_USER_PATHS = NO;
				CLANG_CXX_LANGUAGE_STANDARD = "gnu++0x";
				CLANG_CXX_LIBRARY = "libc++";
				CLANG_ENABLE_MODULES = YES;
				CLANG_ENABLE_OBJC_ARC = YES;
				CLANG_WARN_BOOL_CONVERSION = YES;
				CLANG_WARN_CONSTANT_CONVERSION = YES;
				CLANG_WARN_DIRECT_OBJC_ISA_USAGE = YES_ERROR;
				CLANG_WARN_EMPTY_BODY = YES;
				CLANG_WARN_ENUM_CONVERSION = YES;
				CLANG_WARN_INT_CONVERSION = YES;
				CLANG_WARN_OBJC_ROOT_CLASS = YES_ERROR;
				CLANG_WARN_UNREACHABLE_CODE = YES;
				CLANG_WARN__DUPLICATE_METHOD_MATCH = YES;
				"CODE_SIGN_IDENTITY[sdk=iphoneos*]" = "iPhone Developer";
				COPY_PHASE_STRIP = NO;
				DEBUG_INFORMATION_FORMAT = dwarf;
				ENABLE_STRICT_OBJC_MSGSEND = YES;
				ENABLE_TESTABILITY = YES;
				GCC_C_LANGUAGE_STANDARD = gnu99;
				GCC_DYNAMIC_NO_PIC = NO;
				GCC_NO_COMMON_BLOCKS = YES;
				GCC_OPTIMIZATION_LEVEL = 0;
				GCC_PREPROCESSOR_DEFINITIONS = (
					"DEBUG=1",
					"$(inherited)",
				);
				GCC_WARN_64_TO_32_BIT_CONVERSION = YES;
				GCC_WARN_ABOUT_RETURN_TYPE = YES_ERROR;
				GCC_WARN_UNDECLARED_SELECTOR = YES;
				GCC_WARN_UNINITIALIZED_AUTOS = YES_AGGRESSIVE;
				GCC_WARN_UNUSED_FUNCTION = YES;
				GCC_WARN_UNUSED_VARIABLE = YES;
				IPHONEOS_DEPLOYMENT_TARGET = 9.2;
				MTL_ENABLE_DEBUG_INFO = YES;
				ONLY_ACTIVE_ARCH = YES;
				SDKROOT = iphoneos;
				SWIFT_OPTIMIZATION_LEVEL = "-Onone";
				TARGETED_DEVICE_FAMILY = "1,2";
			};
			name = Debug;
		};
		1CFE594A1C5F062B003DC5E2 /* Release */ = {
			isa = XCBuildConfiguration;
			buildSettings = {
				ALWAYS_SEARCH_USER_PATHS = NO;
				CLANG_CXX_LANGUAGE_STANDARD = "gnu++0x";
				CLANG_CXX_LIBRARY = "libc++";
				CLANG_ENABLE_MODULES = YES;
				CLANG_ENABLE_OBJC_ARC = YES;
				CLANG_WARN_BOOL_CONVERSION = YES;
				CLANG_WARN_CONSTANT_CONVERSION = YES;
				CLANG_WARN_DIRECT_OBJC_ISA_USAGE = YES_ERROR;
				CLANG_WARN_EMPTY_BODY = YES;
				CLANG_WARN_ENUM_CONVERSION = YES;
				CLANG_WARN_INT_CONVERSION = YES;
				CLANG_WARN_OBJC_ROOT_CLASS = YES_ERROR;
				CLANG_WARN_UNREACHABLE_CODE = YES;
				CLANG_WARN__DUPLICATE_METHOD_MATCH = YES;
				"CODE_SIGN_IDENTITY[sdk=iphoneos*]" = "iPhone Developer";
				COPY_PHASE_STRIP = NO;
				DEBUG_INFORMATION_FORMAT = "dwarf-with-dsym";
				ENABLE_NS_ASSERTIONS = NO;
				ENABLE_STRICT_OBJC_MSGSEND = YES;
				GCC_C_LANGUAGE_STANDARD = gnu99;
				GCC_NO_COMMON_BLOCKS = YES;
				GCC_WARN_64_TO_32_BIT_CONVERSION = YES;
				GCC_WARN_ABOUT_RETURN_TYPE = YES_ERROR;
				GCC_WARN_UNDECLARED_SELECTOR = YES;
				GCC_WARN_UNINITIALIZED_AUTOS = YES_AGGRESSIVE;
				GCC_WARN_UNUSED_FUNCTION = YES;
				GCC_WARN_UNUSED_VARIABLE = YES;
				IPHONEOS_DEPLOYMENT_TARGET = 9.2;
				MTL_ENABLE_DEBUG_INFO = NO;
				SDKROOT = iphoneos;
				TARGETED_DEVICE_FAMILY = "1,2";
				VALIDATE_PRODUCT = YES;
			};
			name = Release;
		};
		1CFE594C1C5F062B003DC5E2 /* Debug */ = {
			isa = XCBuildConfiguration;
			buildSettings = {
				ASSETCATALOG_COMPILER_APPICON_NAME = AppIcon;
				INFOPLIST_FILE = HangulSwift/Info.plist;
				IPHONEOS_DEPLOYMENT_TARGET = 8.1;
				LD_RUNPATH_SEARCH_PATHS = "$(inherited) @executable_path/Frameworks";
				PRODUCT_BUNDLE_IDENTIFIER = com.factor.HangulSwift;
				PRODUCT_NAME = "$(TARGET_NAME)";
			};
			name = Debug;
		};
		1CFE594D1C5F062B003DC5E2 /* Release */ = {
			isa = XCBuildConfiguration;
			buildSettings = {
				ASSETCATALOG_COMPILER_APPICON_NAME = AppIcon;
				INFOPLIST_FILE = HangulSwift/Info.plist;
				IPHONEOS_DEPLOYMENT_TARGET = 8.1;
				LD_RUNPATH_SEARCH_PATHS = "$(inherited) @executable_path/Frameworks";
				PRODUCT_BUNDLE_IDENTIFIER = com.factor.HangulSwift;
				PRODUCT_NAME = "$(TARGET_NAME)";
			};
			name = Release;
		};
		1CFE594F1C5F062B003DC5E2 /* Debug */ = {
			isa = XCBuildConfiguration;
			buildSettings = {
				BUNDLE_LOADER = "$(TEST_HOST)";
				INFOPLIST_FILE = HangulSwiftTests/Info.plist;
				LD_RUNPATH_SEARCH_PATHS = "$(inherited) @executable_path/Frameworks @loader_path/Frameworks";
				PRODUCT_BUNDLE_IDENTIFIER = com.factor.HangulSwiftTests;
				PRODUCT_NAME = "$(TARGET_NAME)";
				TEST_HOST = "$(BUILT_PRODUCTS_DIR)/HangulSwift.app/HangulSwift";
			};
			name = Debug;
		};
		1CFE59501C5F062B003DC5E2 /* Release */ = {
			isa = XCBuildConfiguration;
			buildSettings = {
				BUNDLE_LOADER = "$(TEST_HOST)";
				INFOPLIST_FILE = HangulSwiftTests/Info.plist;
				LD_RUNPATH_SEARCH_PATHS = "$(inherited) @executable_path/Frameworks @loader_path/Frameworks";
				PRODUCT_BUNDLE_IDENTIFIER = com.factor.HangulSwiftTests;
				PRODUCT_NAME = "$(TARGET_NAME)";
				TEST_HOST = "$(BUILT_PRODUCTS_DIR)/HangulSwift.app/HangulSwift";
			};
			name = Release;
		};
/* End XCBuildConfiguration section */

/* Begin XCConfigurationList section */
		1CFE59291C5F062B003DC5E2 /* Build configuration list for PBXProject "HangulSwift" */ = {
			isa = XCConfigurationList;
			buildConfigurations = (
				1CFE59491C5F062B003DC5E2 /* Debug */,
				1CFE594A1C5F062B003DC5E2 /* Release */,
			);
			defaultConfigurationIsVisible = 0;
			defaultConfigurationName = Release;
		};
		1CFE594B1C5F062B003DC5E2 /* Build configuration list for PBXNativeTarget "HangulSwift" */ = {
			isa = XCConfigurationList;
			buildConfigurations = (
				1CFE594C1C5F062B003DC5E2 /* Debug */,
				1CFE594D1C5F062B003DC5E2 /* Release */,
			);
			defaultConfigurationIsVisible = 0;
			defaultConfigurationName = Release;
		};
		1CFE594E1C5F062B003DC5E2 /* Build configuration list for PBXNativeTarget "HangulSwiftTests" */ = {
			isa = XCConfigurationList;
			buildConfigurations = (
				1CFE594F1C5F062B003DC5E2 /* Debug */,
				1CFE59501C5F062B003DC5E2 /* Release */,
			);
			defaultConfigurationIsVisible = 0;
			defaultConfigurationName = Release;
		};
/* End XCConfigurationList section */
	};
	rootObject = 1CFE59261C5F062B003DC5E2 /* Project object */;
}
